
Microsoft Visual Studio Solution File, Format Version 12.00
# Visual Studio Version 16
VisualStudioVersion = 16.0.29503.13
MinimumVisualStudioVersion = 10.0.40219.1
Project("{FAE04EC0-301F-11D3-BF4B-00C04F79EFBC}") = "JSProxy", "JSProxy\JSProxy.csproj", "{DF2540B2-4B4B-4572-B2EB-3487D2B03F6D}"
EndProject
Project("{FAE04EC0-301F-11D3-BF4B-00C04F79EFBC}") = "JSProxy.Tests", "JSProxy.Tests\JSProxy.Tests.csproj", "{6A43F40D-BC01-4779-AADF-8B0615CDBE54}"
EndProject
Project("{FAE04EC0-301F-11D3-BF4B-00C04F79EFBC}") = "JSProxy.Node", "JSProxy.Node\JSProxy.Node.csproj", "{45DEC563-D647-4373-8277-71B39F1DD088}"
EndProject
Global
	GlobalSection(SolutionConfigurationPlatforms) = preSolution
		Debug|Any CPU = Debug|Any CPU
		Release|Any CPU = Release|Any CPU
	EndGlobalSection
	GlobalSection(ProjectConfigurationPlatforms) = postSolution
		{DF2540B2-4B4B-4572-B2EB-3487D2B03F6D}.Debug|Any CPU.ActiveCfg = Debug|Any CPU
		{DF2540B2-4B4B-4572-B2EB-3487D2B03F6D}.Debug|Any CPU.Build.0 = Debug|Any CPU
		{DF2540B2-4B4B-4572-B2EB-3487D2B03F6D}.Release|Any CPU.ActiveCfg = Release|Any CPU
		{DF2540B2-4B4B-4572-B2EB-3487D2B03F6D}.Release|Any CPU.Build.0 = Release|Any CPU
		{6A43F40D-BC01-4779-AADF-8B0615CDBE54}.Debug|Any CPU.ActiveCfg = Debug|Any CPU
		{6A43F40D-BC01-4779-AADF-8B0615CDBE54}.Debug|Any CPU.Build.0 = Debug|Any CPU
		{6A43F40D-BC01-4779-AADF-8B0615CDBE54}.Release|Any CPU.ActiveCfg = Release|Any CPU
		{6A43F40D-BC01-4779-AADF-8B0615CDBE54}.Release|Any CPU.Build.0 = Release|Any CPU
		{45DEC563-D647-4373-8277-71B39F1DD088}.Debug|Any CPU.ActiveCfg = Debug|Any CPU
		{45DEC563-D647-4373-8277-71B39F1DD088}.Debug|Any CPU.Build.0 = Debug|Any CPU
		{45DEC563-D647-4373-8277-71B39F1DD088}.Release|Any CPU.ActiveCfg = Release|Any CPU
		{45DEC563-D647-4373-8277-71B39F1DD088}.Release|Any CPU.Build.0 = Release|Any CPU
	EndGlobalSection
	GlobalSection(SolutionProperties) = preSolution
		HideSolutionNode = FALSE
	EndGlobalSection
	GlobalSection(ExtensibilityGlobals) = postSolution
		SolutionGuid = {41381BF8-A376-4050-832A-E3B355465911}
	EndGlobalSection
EndGlobal
